Microsoft Visual Studio Solution File, Format Version 12.00
# Visual Studio Version 17
VisualStudioVersion = 17.5.2.0
MinimumVisualStudioVersion = 10.0.40219.1
Project("{FAE04EC0-301F-11D3-BF4B-00C04F79EFBC}") = "DbSync", "DbSync.csproj", "{29A6EFDF-E05B-FB3D-EFE1-35264521D73E}"
EndProject
Global
	GlobalSection(SolutionConfigurationPlatforms) = preSolution
		Debug|Any CPU = Debug|Any CPU
		Release|Any CPU = Release|Any CPU
	EndGlobalSection
	GlobalSection(ProjectConfigurationPlatforms) = postSolution
		{29A6EFDF-E05B-FB3D-EFE1-35264521D73E}.Debug|Any CPU.ActiveCfg = Debug|Any CPU
		{29A6EFDF-E05B-FB3D-EFE1-35264521D73E}.Debug|Any CPU.Build.0 = Debug|Any CPU
		{29A6EFDF-E05B-FB3D-EFE1-35264521D73E}.Release|Any CPU.ActiveCfg = Release|Any CPU
		{29A6EFDF-E05B-FB3D-EFE1-35264521D73E}.Release|Any CPU.Build.0 = Release|Any CPU
	EndGlobalSection
	GlobalSection(SolutionProperties) = preSolution
		HideSolutionNode = FALSE
	EndGlobalSection
	GlobalSection(ExtensibilityGlobals) = postSolution
		SolutionGuid = {B838BDC1-829C-4A7E-9292-568D5A40D15C}
	EndGlobalSection
EndGlobal
